// !$*UTF8*$!
{
	archiveVersion = 1;
	classes = {
	};
	objectVersion = 46;
	objects = {

/* Begin PBXBuildFile section */
		5F18D05A183F311E0085E181 /* SVProgressHUD.bundle in Resources */ = {isa = PBXBuildFile; fileRef = 5F18D057183F311E0085E181 /* SVProgressHUD.bundle */; };
		5F18D05B183F311E0085E181 /* SVProgressHUD.m in Sources */ = {isa = PBXBuildFile; fileRef = 5F18D059183F311E0085E181 /* SVProgressHUD.m */; };
		5F20B8D518A9DF95000B611C /* libxml2.2.dylib in Frameworks */ = {isa = PBXBuildFile; fileRef = 5F20B8D418A9DF95000B611C /* libxml2.2.dylib */; };
		5F20B8D718A9EBEB000B611C /* WeiboSDK.framework in Frameworks */ = {isa = PBXBuildFile; fileRef = 5F20B8D618A9EBEB000B611C /* WeiboSDK.framework */; };
		5F5190461851A19D00B5D2B8 /* Data.m in Sources */ = {isa = PBXBuildFile; fileRef = 5F5190451851A19D00B5D2B8 /* Data.m */; };
		5F54D6B518A6045D00E1595F /* EGOCache.m in Sources */ = {isa = PBXBuildFile; fileRef = 5F54D69E18A6045D00E1595F /* EGOCache.m */; settings = {COMPILER_FLAGS = "-fno-objc-arc"; }; };
		5F54D6B618A6045D00E1595F /* EGOImageButton.m in Sources */ = {isa = PBXBuildFile; fileRef = 5F54D6A118A6045D00E1595F /* EGOImageButton.m */; settings = {COMPILER_FLAGS = "-fno-objc-arc"; }; };
		5F54D6B718A6045D00E1595F /* EGOImageLoadConnection.m in Sources */ = {isa = PBXBuildFile; fileRef = 5F54D6A418A6045D00E1595F /* EGOImageLoadConnection.m */; settings = {COMPILER_FLAGS = "-fno-objc-arc"; }; };
		5F54D6B818A6045D00E1595F /* EGOImageLoader.m in Sources */ = {isa = PBXBuildFile; fileRef = 5F54D6A618A6045D00E1595F /* EGOImageLoader.m */; settings = {COMPILER_FLAGS = "-fno-objc-arc"; }; };
		5F54D6B918A6045D00E1595F /* EGOImageView.m in Sources */ = {isa = PBXBuildFile; fileRef = 5F54D6A918A6045D00E1595F /* EGOImageView.m */; settings = {COMPILER_FLAGS = "-fno-objc-arc"; }; };
		5FDDBC58183C9D2F00647A51 /* Foundation.framework in Frameworks */ = {isa = PBXBuildFile; fileRef = 5FDDBC57183C9D2F00647A51 /* Foundation.framework */; };
		5FDDBC5A183C9D2F00647A51 /* CoreGraphics.framework in Frameworks */ = {isa = PBXBuildFile; fileRef = 5FDDBC59183C9D2F00647A51 /* CoreGraphics.framework */; };
		5FDDBC5C183C9D2F00647A51 /* UIKit.framework in Frameworks */ = {isa = PBXBuildFile; fileRef = 5FDDBC5B183C9D2F00647A51 /* UIKit.framework */; };
		5FDDBC62183C9D2F00647A51 /* InfoPlist.strings in Resources */ = {isa = PBXBuildFile; fileRef = 5FDDBC60183C9D2F00647A51 /* InfoPlist.strings */; };
		5FDDBC64183C9D2F00647A51 /* main.m in Sources */ = {isa = PBXBuildFile; fileRef = 5FDDBC63183C9D2F00647A51 /* main.m */; };
		5FDDBC68183C9D2F00647A51 /* AppDelegate.m in Sources */ = {isa = PBXBuildFile; fileRef = 5FDDBC67183C9D2F00647A51 /* AppDelegate.m */; };
		5FDDBC6B183C9D2F00647A51 /* Main.storyboard in Resources */ = {isa = PBXBuildFile; fileRef = 5FDDBC69183C9D2F00647A51 /* Main.storyboard */; };
		5FDDBC6E183C9D2F00647A51 /* ViewController.m in Sources */ = {isa = PBXBuildFile; fileRef = 5FDDBC6D183C9D2F00647A51 /* ViewController.m */; };
		5FDDBC70183C9D2F00647A51 /* Images.xcassets in Resources */ = {isa = PBXBuildFile; fileRef = 5FDDBC6F183C9D2F00647A51 /* Images.xcassets */; };
		5FDDBC77183C9D2F00647A51 /* XCTest.framework in Frameworks */ = {isa = PBXBuildFile; fileRef = 5FDDBC76183C9D2F00647A51 /* XCTest.framework */; };
		5FDDBC78183C9D2F00647A51 /* Foundation.framework in Frameworks */ = {isa = PBXBuildFile; fileRef = 5FDDBC57183C9D2F00647A51 /* Foundation.framework */; };
		5FDDBC79183C9D2F00647A51 /* UIKit.framework in Frameworks */ = {isa = PBXBuildFile; fileRef = 5FDDBC5B183C9D2F00647A51 /* UIKit.framework */; };
		5FDDBC81183C9D2F00647A51 /* InfoPlist.strings in Resources */ = {isa = PBXBuildFile; fileRef = 5FDDBC7F183C9D2F00647A51 /* InfoPlist.strings */; };
		5FDDBC83183C9D2F00647A51 /* shenhfTests.m in Sources */ = {isa = PBXBuildFile; fileRef = 5FDDBC82183C9D2F00647A51 /* shenhfTests.m */; };
		5FDDBC8F183C9EA300647A51 /* JASidePanelController.m in Sources */ = {isa = PBXBuildFile; fileRef = 5FDDBC8E183C9EA300647A51 /* JASidePanelController.m */; };
		5FDDBC92183C9FA900647A51 /* logo.jpg in Resources */ = {isa = PBXBuildFile; fileRef = 5FDDBC91183C9FA900647A51 /* logo.jpg */; };
		5FDDBC9C183CA10E00647A51 /* WelcomeViewController.m in Sources */ = {isa = PBXBuildFile; fileRef = 5FDDBC93183CA10D00647A51 /* WelcomeViewController.m */; };
		5FDDBC9D183CA10E00647A51 /* TopViewController.m in Sources */ = {isa = PBXBuildFile; fileRef = 5FDDBC94183CA10D00647A51 /* TopViewController.m */; };
		5FDDBC9E183CA10E00647A51 /* ControlViewController.m in Sources */ = {isa = PBXBuildFile; fileRef = 5FDDBC97183CA10D00647A51 /* ControlViewController.m */; };
		5FDDBC9F183CA10E00647A51 /* ItemViewController.m in Sources */ = {isa = PBXBuildFile; fileRef = 5FDDBC99183CA10D00647A51 /* ItemViewController.m */; };
		5FDDBCAD183CA1EF00647A51 /* GMGridView.m in Sources */ = {isa = PBXBuildFile; fileRef = 5FDDBCA3183CA1EF00647A51 /* GMGridView.m */; };
		5FDDBCAE183CA1EF00647A51 /* GMGridViewCell.m in Sources */ = {isa = PBXBuildFile; fileRef = 5FDDBCA6183CA1EF00647A51 /* GMGridViewCell.m */; };
		5FDDBCAF183CA1EF00647A51 /* GMGridViewLayoutStrategies.m in Sources */ = {isa = PBXBuildFile; fileRef = 5FDDBCA8183CA1EF00647A51 /* GMGridViewLayoutStrategies.m */; };
		5FDDBCB0183CA1EF00647A51 /* UIGestureRecognizer+GMGridViewAdditions.m in Sources */ = {isa = PBXBuildFile; fileRef = 5FDDBCAA183CA1EF00647A51 /* UIGestureRecognizer+GMGridViewAdditions.m */; };
		5FDDBCB1183CA1EF00647A51 /* UIView+GMGridViewAdditions.m in Sources */ = {isa = PBXBuildFile; fileRef = 5FDDBCAC183CA1EF00647A51 /* UIView+GMGridViewAdditions.m */; };
		5FDDBCB3183CA59A00647A51 /* CenterViewController.m in Sources */ = {isa = PBXBuildFile; fileRef = 5FDDBCB2183CA59A00647A51 /* CenterViewController.m */; };
		5FDDBCB6183CB25600647A51 /* Reachability.m in Sources */ = {isa = PBXBuildFile; fileRef = 5FDDBCB5183CB25600647A51 /* Reachability.m */; };
		5FEF669E18A87B0600BEDF54 /* libWeChatSDK.a in Frameworks */ = {isa = PBXBuildFile; fileRef = 5FEF669B18A87B0600BEDF54 /* libWeChatSDK.a */; };
		5FEF66A418A8A6EC00BEDF54 /* Default.png in Resources */ = {isa = PBXBuildFile; fileRef = 5FEF669F18A8A6EC00BEDF54 /* Default.png */; };
		5FEF66A518A8A6EC00BEDF54 /* Icon.png in Resources */ = {isa = PBXBuildFile; fileRef = 5FEF66A018A8A6EC00BEDF54 /* Icon.png */; };
		5FEF66A618A8A6EC00BEDF54 /* Icon@2x.png in Resources */ = {isa = PBXBuildFile; fileRef = 5FEF66A118A8A6EC00BEDF54 /* Icon@2x.png */; };
		5FEF66A718A8A6EC00BEDF54 /* logo72.png in Resources */ = {isa = PBXBuildFile; fileRef = 5FEF66A218A8A6EC00BEDF54 /* logo72.png */; };
		5FEF66A818A8A6EC00BEDF54 /* logo512.png in Resources */ = {isa = PBXBuildFile; fileRef = 5FEF66A318A8A6EC00BEDF54 /* logo512.png */; };
		5FEF66AA18A8A74D00BEDF54 /* Icon_Small.png in Resources */ = {isa = PBXBuildFile; fileRef = 5FEF66A918A8A74D00BEDF54 /* Icon_Small.png */; };
		5FEF66AC18A8AD7D00BEDF54 /* share.png in Resources */ = {isa = PBXBuildFile; fileRef = 5FEF66AB18A8AD7D00BEDF54 /* share.png */; };
		5FEF66B018A8B35200BEDF54 /* HYActivityView.m in Sources */ = {isa = PBXBuildFile; fileRef = 5FEF66AF18A8B35200BEDF54 /* HYActivityView.m */; };
		5FEF66B818A8B3C000BEDF54 /* share_platform_email@2x.png in Resources */ = {isa = PBXBuildFile; fileRef = 5FEF66B118A8B3C000BEDF54 /* share_platform_email@2x.png */; };
		5FEF66B918A8B3C000BEDF54 /* share_platform_evernote@2x.png in Resources */ = {isa = PBXBuildFile; fileRef = 5FEF66B218A8B3C000BEDF54 /* share_platform_evernote@2x.png */; };
		5FEF66BA18A8B3C000BEDF54 /* share_platform_imessage@2x.png in Resources */ = {isa = PBXBuildFile; fileRef = 5FEF66B318A8B3C000BEDF54 /* share_platform_imessage@2x.png */; };
		5FEF66BB18A8B3C000BEDF54 /* share_platform_qqfriends@2x.png in Resources */ = {isa = PBXBuildFile; fileRef = 5FEF66B418A8B3C000BEDF54 /* share_platform_qqfriends@2x.png */; };
		5FEF66BC18A8B3C000BEDF54 /* share_platform_sina@2x.png in Resources */ = {isa = PBXBuildFile; fileRef = 5FEF66B518A8B3C000BEDF54 /* share_platform_sina@2x.png */; };
		5FEF66BD18A8B3C000BEDF54 /* share_platform_wechat@2x.png in Resources */ = {isa = PBXBuildFile; fileRef = 5FEF66B618A8B3C000BEDF54 /* share_platform_wechat@2x.png */; };
		5FEF66BE18A8B3C000BEDF54 /* share_platform_wechattimeline@2x.png in Resources */ = {isa = PBXBuildFile; fileRef = 5FEF66B718A8B3C000BEDF54 /* share_platform_wechattimeline@2x.png */; };
		5FEF66C418A8C07A00BEDF54 /* TencentOpenAPI.framework in Frameworks */ = {isa = PBXBuildFile; fileRef = 5FEF66C318A8C07A00BEDF54 /* TencentOpenAPI.framework */; };
		5FEF66C918A8C11900BEDF54 /* TencentOpenApi_IOS_Bundle.bundle in Resources */ = {isa = PBXBuildFile; fileRef = 5FEF66C818A8C11900BEDF54 /* TencentOpenApi_IOS_Bundle.bundle */; };
		5FEF66CB18A8C52900BEDF54 /* Security.framework in Frameworks */ = {isa = PBXBuildFile; fileRef = 5FEF66CA18A8C52900BEDF54 /* Security.framework */; };
		5FEF66CD18A8C53800BEDF54 /* libiconv.2.4.0.dylib in Frameworks */ = {isa = PBXBuildFile; fileRef = 5FEF66CC18A8C53800BEDF54 /* libiconv.2.4.0.dylib */; };
		5FEF66CF18A8C54200BEDF54 /* SystemConfiguration.framework in Frameworks */ = {isa = PBXBuildFile; fileRef = 5FEF66CE18A8C54200BEDF54 /* SystemConfiguration.framework */; };
		5FEF66D318A8C55F00BEDF54 /* libsqlite3.dylib in Frameworks */ = {isa = PBXBuildFile; fileRef = 5FEF66D218A8C55F00BEDF54 /* libsqlite3.dylib */; };
		5FEF66D518A8C56900BEDF54 /* CoreTelephony.framework in Frameworks */ = {isa = PBXBuildFile; fileRef = 5FEF66D418A8C56900BEDF54 /* CoreTelephony.framework */; };
		5FEF66D718A8C57500BEDF54 /* libstdc++.dylib in Frameworks */ = {isa = PBXBuildFile; fileRef = 5FEF66D618A8C57500BEDF54 /* libstdc++.dylib */; };
		5FEF66D918A8C58000BEDF54 /* libz.dylib in Frameworks */ = {isa = PBXBuildFile; fileRef = 5FEF66D818A8C58000BEDF54 /* libz.dylib */; };
		5FEF66E018A9C0D100BEDF54 /* sdkCall.m in Sources */ = {isa = PBXBuildFile; fileRef = 5FEF66DF18A9C0D100BEDF54 /* sdkCall.m */; };
		CE7FBC5B37594155AAB4BC15 /* libPods.a in Frameworks */ = {isa = PBXBuildFile; fileRef = D90D206B860B4241847C0A68 /* libPods.a */; };
/* End PBXBuildFile section */

/* Begin PBXContainerItemProxy section */
		5FDDBC7A183C9D2F00647A51 /* PBXContainerItemProxy */ = {
			isa = PBXContainerItemProxy;
			containerPortal = 5FDDBC4C183C9D2F00647A51 /* Project object */;
			proxyType = 1;
			remoteGlobalIDString = 5FDDBC53183C9D2F00647A51;
			remoteInfo = shenhf;
		};
/* End PBXContainerItemProxy section */

/* Begin PBXFileReference section */
		1BE8A53ACB28413BBCEE42B2 /* Pods.xcconfig */ = {isa = PBXFileReference; includeInIndex = 1; lastKnownFileType = text.xcconfig; name = Pods.xcconfig; path = Pods/Pods.xcconfig; sourceTree = "<group>"; };
		5F18D056183F311E0085E181 /* SVProgressHUD-Prefix.pch */ = {isa = PBXFileReference; fileEncoding = 4; lastKnownFileType = sourcecode.c.h; path = "SVProgressHUD-Prefix.pch"; sourceTree = "<group>"; };
		5F18D057183F311E0085E181 /* SVProgressHUD.bundle */ = {isa = PBXFileReference; lastKnownFileType = "wrapper.plug-in"; path = SVProgressHUD.bundle; sourceTree = "<group>"; };
		5F18D058183F311E0085E181 /* SVProgressHUD.h */ = {isa = PBXFileReference; fileEncoding = 4; lastKnownFileType = sourcecode.c.h; path = SVProgressHUD.h; sourceTree = "<group>"; };
		5F18D059183F311E0085E181 /* SVProgressHUD.m */ = {isa = PBXFileReference; fileEncoding = 4; lastKnownFileType = sourcecode.c.objc; path = SVProgressHUD.m; sourceTree = "<group>"; };
		5F20B8D418A9DF95000B611C /* libxml2.2.dylib */ = {isa = PBXFileReference; lastKnownFileType = "compiled.mach-o.dylib"; name = libxml2.2.dylib; path = usr/lib/libxml2.2.dylib; sourceTree = SDKROOT; };
		5F20B8D618A9EBEB000B611C /* WeiboSDK.framework */ = {isa = PBXFileReference; lastKnownFileType = wrapper.framework; path = WeiboSDK.framework; sourceTree = "<group>"; };
		5F5190441851A19D00B5D2B8 /* Data.h */ = {isa = PBXFileReference; fileEncoding = 4; lastKnownFileType = sourcecode.c.h; path = Data.h; sourceTree = "<group>"; };
		5F5190451851A19D00B5D2B8 /* Data.m */ = {isa = PBXFileReference; fileEncoding = 4; lastKnownFileType = sourcecode.c.objc; path = Data.m; sourceTree = "<group>"; };
		5F54D69D18A6045D00E1595F /* EGOCache.h */ = {isa = PBXFileReference; fileEncoding = 4; lastKnownFileType = sourcecode.c.h; path = EGOCache.h; sourceTree = "<group>"; };
		5F54D69E18A6045D00E1595F /* EGOCache.m */ = {isa = PBXFileReference; fileEncoding = 4; lastKnownFileType = sourcecode.c.objc; path = EGOCache.m; sourceTree = "<group>"; };
		5F54D6A018A6045D00E1595F /* EGOImageButton.h */ = {isa = PBXFileReference; fileEncoding = 4; lastKnownFileType = sourcecode.c.h; path = EGOImageButton.h; sourceTree = "<group>"; };
		5F54D6A118A6045D00E1595F /* EGOImageButton.m */ = {isa = PBXFileReference; fileEncoding = 4; lastKnownFileType = sourcecode.c.objc; path = EGOImageButton.m; sourceTree = "<group>"; };
		5F54D6A318A6045D00E1595F /* EGOImageLoadConnection.h */ = {isa = PBXFileReference; fileEncoding = 4; lastKnownFileType = sourcecode.c.h; path = EGOImageLoadConnection.h; sourceTree = "<group>"; };
		5F54D6A418A6045D00E1595F /* EGOImageLoadConnection.m */ = {isa = PBXFileReference; fileEncoding = 4; lastKnownFileType = sourcecode.c.objc; path = EGOImageLoadConnection.m; sourceTree = "<group>"; };
		5F54D6A518A6045D00E1595F /* EGOImageLoader.h */ = {isa = PBXFileReference; fileEncoding = 4; lastKnownFileType = sourcecode.c.h; path = EGOImageLoader.h; sourceTree = "<group>"; };
		5F54D6A618A6045D00E1595F /* EGOImageLoader.m */ = {isa = PBXFileReference; fileEncoding = 4; lastKnownFileType = sourcecode.c.objc; path = EGOImageLoader.m; sourceTree = "<group>"; };
		5F54D6A818A6045D00E1595F /* EGOImageView.h */ = {isa = PBXFileReference; fileEncoding = 4; lastKnownFileType = sourcecode.c.h; path = EGOImageView.h; sourceTree = "<group>"; };
		5F54D6A918A6045D00E1595F /* EGOImageView.m */ = {isa = PBXFileReference; fileEncoding = 4; lastKnownFileType = sourcecode.c.objc; path = EGOImageView.m; sourceTree = "<group>"; };
		5FDDBC54183C9D2F00647A51 /* 神回复.app */ = {isa = PBXFileReference; explicitFileType = wrapper.application; includeInIndex = 0; path = "神回复.app"; sourceTree = BUILT_PRODUCTS_DIR; };
		5FDDBC57183C9D2F00647A51 /* Foundation.framework */ = {isa = PBXFileReference; lastKnownFileType = wrapper.framework; name = Foundation.framework; path = System/Library/Frameworks/Foundation.framework; sourceTree = SDKROOT; };
		5FDDBC59183C9D2F00647A51 /* CoreGraphics.framework */ = {isa = PBXFileReference; lastKnownFileType = wrapper.framework; name = CoreGraphics.framework; path = System/Library/Frameworks/CoreGraphics.framework; sourceTree = SDKROOT; };
		5FDDBC5B183C9D2F00647A51 /* UIKit.framework */ = {isa = PBXFileReference; lastKnownFileType = wrapper.framework; name = UIKit.framework; path = System/Library/Frameworks/UIKit.framework; sourceTree = SDKROOT; };
		5FDDBC5F183C9D2F00647A51 /* shenhf-Info.plist */ = {isa = PBXFileReference; lastKnownFileType = text.plist.xml; path = "shenhf-Info.plist"; sourceTree = "<group>"; };
		5FDDBC61183C9D2F00647A51 /* en */ = {isa = PBXFileReference; lastKnownFileType = text.plist.strings; name = en; path = en.lproj/InfoPlist.strings; sourceTree = "<group>"; };
		5FDDBC63183C9D2F00647A51 /* main.m */ = {isa = PBXFileReference; lastKnownFileType = sourcecode.c.objc; path = main.m; sourceTree = "<group>"; };
		5FDDBC65183C9D2F00647A51 /* shenhf-Prefix.pch */ = {isa = PBXFileReference; lastKnownFileType = sourcecode.c.h; path = "shenhf-Prefix.pch"; sourceTree = "<group>"; };
		5FDDBC66183C9D2F00647A51 /* AppDelegate.h */ = {isa = PBXFileReference; lastKnownFileType = sourcecode.c.h; path = AppDelegate.h; sourceTree = "<group>"; };
		5FDDBC67183C9D2F00647A51 /* AppDelegate.m */ = {isa = PBXFileReference; lastKnownFileType = sourcecode.c.objc; path = AppDelegate.m; sourceTree = "<group>"; };
		5FDDBC6A183C9D2F00647A51 /* Base */ = {isa = PBXFileReference; lastKnownFileType = file.storyboard; name = Base; path = Base.lproj/Main.storyboard; sourceTree = "<group>"; };
		5FDDBC6C183C9D2F00647A51 /* ViewController.h */ = {isa = PBXFileReference; lastKnownFileType = sourcecode.c.h; path = ViewController.h; sourceTree = "<group>"; };
		5FDDBC6D183C9D2F00647A51 /* ViewController.m */ = {isa = PBXFileReference; lastKnownFileType = sourcecode.c.objc; path = ViewController.m; sourceTree = "<group>"; };
		5FDDBC6F183C9D2F00647A51 /* Images.xcassets */ = {isa = PBXFileReference; lastKnownFileType = folder.assetcatalog; path = Images.xcassets; sourceTree = "<group>"; };
		5FDDBC75183C9D2F00647A51 /* shenhfTests.xctest */ = {isa = PBXFileReference; explicitFileType = wrapper.cfbundle; includeInIndex = 0; path = shenhfTests.xctest; sourceTree = BUILT_PRODUCTS_DIR; };
		5FDDBC76183C9D2F00647A51 /* XCTest.framework */ = {isa = PBXFileReference; lastKnownFileType = wrapper.framework; name = XCTest.framework; path = Library/Frameworks/XCTest.framework; sourceTree = DEVELOPER_DIR; };
		5FDDBC7E183C9D2F00647A51 /* shenhfTests-Info.plist */ = {isa = PBXFileReference; lastKnownFileType = text.plist.xml; path = "shenhfTests-Info.plist"; sourceTree = "<group>"; };
		5FDDBC80183C9D2F00647A51 /* en */ = {isa = PBXFileReference; lastKnownFileType = text.plist.strings; name = en; path = en.lproj/InfoPlist.strings; sourceTree = "<group>"; };
		5FDDBC82183C9D2F00647A51 /* shenhfTests.m */ = {isa = PBXFileReference; lastKnownFileType = sourcecode.c.objc; path = shenhfTests.m; sourceTree = "<group>"; };
		5FDDBC8D183C9EA300647A51 /* JASidePanelController.h */ = {isa = PBXFileReference; fileEncoding = 4; lastKnownFileType = sourcecode.c.h; path = JASidePanelController.h; sourceTree = "<group>"; };
		5FDDBC8E183C9EA300647A51 /* JASidePanelController.m */ = {isa = PBXFileReference; fileEncoding = 4; lastKnownFileType = sourcecode.c.objc; path = JASidePanelController.m; sourceTree = "<group>"; };
		5FDDBC91183C9FA900647A51 /* logo.jpg */ = {isa = PBXFileReference; lastKnownFileType = image.jpeg; path = logo.jpg; sourceTree = "<group>"; };
		5FDDBC93183CA10D00647A51 /* WelcomeViewController.m */ = {isa = PBXFileReference; fileEncoding = 4; lastKnownFileType = sourcecode.c.objc; path = WelcomeViewController.m; sourceTree = "<group>"; };
		5FDDBC94183CA10D00647A51 /* TopViewController.m */ = {isa = PBXFileReference; fileEncoding = 4; lastKnownFileType = sourcecode.c.objc; path = TopViewController.m; sourceTree = "<group>"; };
		5FDDBC95183CA10D00647A51 /* CenterViewController.h */ = {isa = PBXFileReference; fileEncoding = 4; lastKnownFileType = sourcecode.c.h; path = CenterViewController.h; sourceTree = "<group>"; };
		5FDDBC96183CA10D00647A51 /* ControlViewController.h */ = {isa = PBXFileReference; fileEncoding = 4; lastKnownFileType = sourcecode.c.h; path = ControlViewController.h; sourceTree = "<group>"; };
		5FDDBC97183CA10D00647A51 /* ControlViewController.m */ = {isa = PBXFileReference; fileEncoding = 4; lastKnownFileType = sourcecode.c.objc; path = ControlViewController.m; sourceTree = "<group>"; };
		5FDDBC98183CA10D00647A51 /* ItemViewController.h */ = {isa = PBXFileReference; fileEncoding = 4; lastKnownFileType = sourcecode.c.h; path = ItemViewController.h; sourceTree = "<group>"; };
		5FDDBC99183CA10D00647A51 /* ItemViewController.m */ = {isa = PBXFileReference; fileEncoding = 4; lastKnownFileType = sourcecode.c.objc; path = ItemViewController.m; sourceTree = "<group>"; };
		5FDDBC9A183CA10E00647A51 /* TopViewController.h */ = {isa = PBXFileReference; fileEncoding = 4; lastKnownFileType = sourcecode.c.h; path = TopViewController.h; sourceTree = "<group>"; };
		5FDDBC9B183CA10E00647A51 /* WelcomeViewController.h */ = {isa = PBXFileReference; fileEncoding = 4; lastKnownFileType = sourcecode.c.h; path = WelcomeViewController.h; sourceTree = "<group>"; };
		5FDDBCA1183CA1EF00647A51 /* GMGridView-Constants.h */ = {isa = PBXFileReference; fileEncoding = 4; lastKnownFileType = sourcecode.c.h; path = "GMGridView-Constants.h"; sourceTree = "<group>"; };
		5FDDBCA2183CA1EF00647A51 /* GMGridView.h */ = {isa = PBXFileReference; fileEncoding = 4; lastKnownFileType = sourcecode.c.h; path = GMGridView.h; sourceTree = "<group>"; };
		5FDDBCA3183CA1EF00647A51 /* GMGridView.m */ = {isa = PBXFileReference; fileEncoding = 4; lastKnownFileType = sourcecode.c.objc; path = GMGridView.m; sourceTree = "<group>"; };
		5FDDBCA4183CA1EF00647A51 /* GMGridViewCell+Extended.h */ = {isa = PBXFileReference; fileEncoding = 4; lastKnownFileType = sourcecode.c.h; path = "GMGridViewCell+Extended.h"; sourceTree = "<group>"; };
		5FDDBCA5183CA1EF00647A51 /* GMGridViewCell.h */ = {isa = PBXFileReference; fileEncoding = 4; lastKnownFileType = sourcecode.c.h; path = GMGridViewCell.h; sourceTree = "<group>"; };
		5FDDBCA6183CA1EF00647A51 /* GMGridViewCell.m */ = {isa = PBXFileReference; fileEncoding = 4; lastKnownFileType = sourcecode.c.objc; path = GMGridViewCell.m; sourceTree = "<group>"; };
		5FDDBCA7183CA1EF00647A51 /* GMGridViewLayoutStrategies.h */ = {isa = PBXFileReference; fileEncoding = 4; lastKnownFileType = sourcecode.c.h; path = GMGridViewLayoutStrategies.h; sourceTree = "<group>"; };
		5FDDBCA8183CA1EF00647A51 /* GMGridViewLayoutStrategies.m */ = {isa = PBXFileReference; fileEncoding = 4; lastKnownFileType = sourcecode.c.objc; path = GMGridViewLayoutStrategies.m; sourceTree = "<group>"; };
		5FDDBCA9183CA1EF00647A51 /* UIGestureRecognizer+GMGridViewAdditions.h */ = {isa = PBXFileReference; fileEncoding = 4; lastKnownFileType = sourcecode.c.h; path = "UIGestureRecognizer+GMGridViewAdditions.h"; sourceTree = "<group>"; };
		5FDDBCAA183CA1EF00647A51 /* UIGestureRecognizer+GMGridViewAdditions.m */ = {isa = PBXFileReference; fileEncoding = 4; lastKnownFileType = sourcecode.c.objc; path = "UIGestureRecognizer+GMGridViewAdditions.m"; sourceTree = "<group>"; };
		5FDDBCAB183CA1EF00647A51 /* UIView+GMGridViewAdditions.h */ = {isa = PBXFileReference; fileEncoding = 4; lastKnownFileType = sourcecode.c.h; path = "UIView+GMGridViewAdditions.h"; sourceTree = "<group>"; };
		5FDDBCAC183CA1EF00647A51 /* UIView+GMGridViewAdditions.m */ = {isa = PBXFileReference; fileEncoding = 4; lastKnownFileType = sourcecode.c.objc; path = "UIView+GMGridViewAdditions.m"; sourceTree = "<group>"; };
		5FDDBCB2183CA59A00647A51 /* CenterViewController.m */ = {isa = PBXFileReference; fileEncoding = 4; lastKnownFileType = sourcecode.c.objc; path = CenterViewController.m; sourceTree = "<group>"; };
		5FDDBCB4183CB25600647A51 /* Reachability.h */ = {isa = PBXFileReference; fileEncoding = 4; lastKnownFileType = sourcecode.c.h; path = Reachability.h; sourceTree = "<group>"; };
		5FDDBCB5183CB25600647A51 /* Reachability.m */ = {isa = PBXFileReference; fileEncoding = 4; lastKnownFileType = sourcecode.c.objc; path = Reachability.m; sourceTree = "<group>"; };
		5FEF669B18A87B0600BEDF54 /* libWeChatSDK.a */ = {isa = PBXFileReference; lastKnownFileType = archive.ar; path = libWeChatSDK.a; sourceTree = "<group>"; };
		5FEF669C18A87B0600BEDF54 /* WXApi.h */ = {isa = PBXFileReference; fileEncoding = 4; lastKnownFileType = sourcecode.c.h; path = WXApi.h; sourceTree = "<group>"; };
		5FEF669D18A87B0600BEDF54 /* WXApiObject.h */ = {isa = PBXFileReference; fileEncoding = 4; lastKnownFileType = sourcecode.c.h; path = WXApiObject.h; sourceTree = "<group>"; };
		5FEF669F18A8A6EC00BEDF54 /* Default.png */ = {isa = PBXFileReference; lastKnownFileType = image.png; path = Default.png; sourceTree = "<group>"; };
		5FEF66A018A8A6EC00BEDF54 /* Icon.png */ = {isa = PBXFileReference; lastKnownFileType = image.png; path = Icon.png; sourceTree = "<group>"; };
		5FEF66A118A8A6EC00BEDF54 /* Icon@2x.png */ = {isa = PBXFileReference; lastKnownFileType = image.png; path = "Icon@2x.png"; sourceTree = "<group>"; };
		5FEF66A218A8A6EC00BEDF54 /* logo72.png */ = {isa = PBXFileReference; lastKnownFileType = image.png; path = logo72.png; sourceTree = "<group>"; };
		5FEF66A318A8A6EC00BEDF54 /* logo512.png */ = {isa = PBXFileReference; lastKnownFileType = image.png; path = logo512.png; sourceTree = "<group>"; };
		5FEF66A918A8A74D00BEDF54 /* Icon_Small.png */ = {isa = PBXFileReference; lastKnownFileType = image.png; path = Icon_Small.png; sourceTree = "<group>"; };
		5FEF66AB18A8AD7D00BEDF54 /* share.png */ = {isa = PBXFileReference; lastKnownFileType = image.png; path = share.png; sourceTree = "<group>"; };
		5FEF66AE18A8B35200BEDF54 /* HYActivityView.h */ = {isa = PBXFileReference; fileEncoding = 4; lastKnownFileType = sourcecode.c.h; path = HYActivityView.h; sourceTree = "<group>"; };
		5FEF66AF18A8B35200BEDF54 /* HYActivityView.m */ = {isa = PBXFileReference; fileEncoding = 4; lastKnownFileType = sourcecode.c.objc; path = HYActivityView.m; sourceTree = "<group>"; };
		5FEF66B118A8B3C000BEDF54 /* share_platform_email@2x.png */ = {isa = PBXFileReference; lastKnownFileType = image.png; path = "share_platform_email@2x.png"; sourceTree = "<group>"; };
		5FEF66B218A8B3C000BEDF54 /* share_platform_evernote@2x.png */ = {isa = PBXFileReference; lastKnownFileType = image.png; path = "share_platform_evernote@2x.png"; sourceTree = "<group>"; };
		5FEF66B318A8B3C000BEDF54 /* share_platform_imessage@2x.png */ = {isa = PBXFileReference; lastKnownFileType = image.png; path = "share_platform_imessage@2x.png"; sourceTree = "<group>"; };
		5FEF66B418A8B3C000BEDF54 /* share_platform_qqfriends@2x.png */ = {isa = PBXFileReference; lastKnownFileType = image.png; path = "share_platform_qqfriends@2x.png"; sourceTree = "<group>"; };
		5FEF66B518A8B3C000BEDF54 /* share_platform_sina@2x.png */ = {isa = PBXFileReference; lastKnownFileType = image.png; path = "share_platform_sina@2x.png"; sourceTree = "<group>"; };
		5FEF66B618A8B3C000BEDF54 /* share_platform_wechat@2x.png */ = {isa = PBXFileReference; lastKnownFileType = image.png; path = "share_platform_wechat@2x.png"; sourceTree = "<group>"; };
		5FEF66B718A8B3C000BEDF54 /* share_platform_wechattimeline@2x.png */ = {isa = PBXFileReference; lastKnownFileType = image.png; path = "share_platform_wechattimeline@2x.png"; sourceTree = "<group>"; };
		5FEF66C318A8C07A00BEDF54 /* TencentOpenAPI.framework */ = {isa = PBXFileReference; lastKnownFileType = wrapper.framework; path = TencentOpenAPI.framework; sourceTree = "<group>"; };
		5FEF66C818A8C11900BEDF54 /* TencentOpenApi_IOS_Bundle.bundle */ = {isa = PBXFileReference; lastKnownFileType = "wrapper.plug-in"; path = TencentOpenApi_IOS_Bundle.bundle; sourceTree = "<group>"; };
		5FEF66CA18A8C52900BEDF54 /* Security.framework */ = {isa = PBXFileReference; lastKnownFileType = wrapper.framework; name = Security.framework; path = System/Library/Frameworks/Security.framework; sourceTree = SDKROOT; };
		5FEF66CC18A8C53800BEDF54 /* libiconv.2.4.0.dylib */ = {isa = PBXFileReference; lastKnownFileType = "compiled.mach-o.dylib"; name = libiconv.2.4.0.dylib; path = usr/lib/libiconv.2.4.0.dylib; sourceTree = SDKROOT; };
		5FEF66CE18A8C54200BEDF54 /* SystemConfiguration.framework */ = {isa = PBXFileReference; lastKnownFileType = wrapper.framework; name = SystemConfiguration.framework; path = System/Library/Frameworks/SystemConfiguration.framework; sourceTree = SDKROOT; };
		5FEF66D018A8C55400BEDF54 /* libsqlite3.0.dylib */ = {isa = PBXFileReference; lastKnownFileType = "compiled.mach-o.dylib"; name = libsqlite3.0.dylib; path = usr/lib/libsqlite3.0.dylib; sourceTree = SDKROOT; };
		5FEF66D218A8C55F00BEDF54 /* libsqlite3.dylib */ = {isa = PBXFileReference; lastKnownFileType = "compiled.mach-o.dylib"; name = libsqlite3.dylib; path = usr/lib/libsqlite3.dylib; sourceTree = SDKROOT; };
		5FEF66D418A8C56900BEDF54 /* CoreTelephony.framework */ = {isa = PBXFileReference; lastKnownFileType = wrapper.framework; name = CoreTelephony.framework; path = System/Library/Frameworks/CoreTelephony.framework; sourceTree = SDKROOT; };
		5FEF66D618A8C57500BEDF54 /* libstdc++.dylib */ = {isa = PBXFileReference; lastKnownFileType = "compiled.mach-o.dylib"; name = "libstdc++.dylib"; path = "usr/lib/libstdc++.dylib"; sourceTree = SDKROOT; };
		5FEF66D818A8C58000BEDF54 /* libz.dylib */ = {isa = PBXFileReference; lastKnownFileType = "compiled.mach-o.dylib"; name = libz.dylib; path = usr/lib/libz.dylib; sourceTree = SDKROOT; };
		5FEF66DE18A9C0CA00BEDF54 /* sdkCall.h */ = {isa = PBXFileReference; fileEncoding = 4; lastKnownFileType = sourcecode.c.h; path = sdkCall.h; sourceTree = "<group>"; };
		5FEF66DF18A9C0D100BEDF54 /* sdkCall.m */ = {isa = PBXFileReference; fileEncoding = 4; lastKnownFileType = sourcecode.c.objc; path = sdkCall.m; sourceTree = "<group>"; };
		5FEF66E118A9C0DB00BEDF54 /* sdkDef.h */ = {isa = PBXFileReference; fileEncoding = 4; lastKnownFileType = sourcecode.c.h; path = sdkDef.h; sourceTree = "<group>"; };
		D90D206B860B4241847C0A68 /* libPods.a */ = {isa = PBXFileReference; explicitFileType = archive.ar; includeInIndex = 0; path = libPods.a; sourceTree = BUILT_PRODUCTS_DIR; };
/* End PBXFileReference section */

/* Begin PBXFrameworksBuildPhase section */
		5FDDBC51183C9D2F00647A51 /* Frameworks */ = {
			isa = PBXFrameworksBuildPhase;
			buildActionMask = 2147483647;
			files = (
				5F20B8D518A9DF95000B611C /* libxml2.2.dylib in Frameworks */,
				5FEF66D918A8C58000BEDF54 /* libz.dylib in Frameworks */,
				5FEF66D718A8C57500BEDF54 /* libstdc++.dylib in Frameworks */,
				5FEF66D518A8C56900BEDF54 /* CoreTelephony.framework in Frameworks */,
				5FEF66D318A8C55F00BEDF54 /* libsqlite3.dylib in Frameworks */,
				5F20B8D718A9EBEB000B611C /* WeiboSDK.framework in Frameworks */,
				5FEF66CF18A8C54200BEDF54 /* SystemConfiguration.framework in Frameworks */,
				5FEF66CD18A8C53800BEDF54 /* libiconv.2.4.0.dylib in Frameworks */,
				5FEF66CB18A8C52900BEDF54 /* Security.framework in Frameworks */,
				5FDDBC5A183C9D2F00647A51 /* CoreGraphics.framework in Frameworks */,
				5FEF66C418A8C07A00BEDF54 /* TencentOpenAPI.framework in Frameworks */,
				5FDDBC5C183C9D2F00647A51 /* UIKit.framework in Frameworks */,
				5FDDBC58183C9D2F00647A51 /* Foundation.framework in Frameworks */,
				CE7FBC5B37594155AAB4BC15 /* libPods.a in Frameworks */,
				5FEF669E18A87B0600BEDF54 /* libWeChatSDK.a in Frameworks */,
			);
			runOnlyForDeploymentPostprocessing = 0;
		};
		5FDDBC72183C9D2F00647A51 /* Frameworks */ = {
			isa = PBXFrameworksBuildPhase;
			buildActionMask = 2147483647;
			files = (
				5FDDBC77183C9D2F00647A51 /* XCTest.framework in Frameworks */,
				5FDDBC79183C9D2F00647A51 /* UIKit.framework in Frameworks */,
				5FDDBC78183C9D2F00647A51 /* Foundation.framework in Frameworks */,
			);
			runOnlyForDeploymentPostprocessing = 0;
		};
/* End PBXFrameworksBuildPhase section */

/* Begin PBXGroup section */
		5F18D055183F311E0085E181 /* SVProgressHUD */ = {
			isa = PBXGroup;
			children = (
				5F18D056183F311E0085E181 /* SVProgressHUD-Prefix.pch */,
				5F18D057183F311E0085E181 /* SVProgressHUD.bundle */,
				5F18D058183F311E0085E181 /* SVProgressHUD.h */,
				5F18D059183F311E0085E181 /* SVProgressHUD.m */,
			);
			path = SVProgressHUD;
			sourceTree = "<group>";
		};
		5F54D68718A6045D00E1595F /* EGOImageLoading */ = {
			isa = PBXGroup;
			children = (
				5F54D69C18A6045D00E1595F /* EGOCache */,
				5F54D69F18A6045D00E1595F /* EGOImageButton */,
				5F54D6A218A6045D00E1595F /* EGOImageLoader */,
				5F54D6A718A6045D00E1595F /* EGOImageView */,
			);
			path = EGOImageLoading;
			sourceTree = "<group>";
		};
		5F54D69C18A6045D00E1595F /* EGOCache */ = {
			isa = PBXGroup;
			children = (
				5F54D69D18A6045D00E1595F /* EGOCache.h */,
				5F54D69E18A6045D00E1595F /* EGOCache.m */,
			);
			path = EGOCache;
			sourceTree = "<group>";
		};
		5F54D69F18A6045D00E1595F /* EGOImageButton */ = {
			isa = PBXGroup;
			children = (
				5F54D6A018A6045D00E1595F /* EGOImageButton.h */,
				5F54D6A118A6045D00E1595F /* EGOImageButton.m */,
			);
			path = EGOImageButton;
			sourceTree = "<group>";
		};
		5F54D6A218A6045D00E1595F /* EGOImageLoader */ = {
			isa = PBXGroup;
			children = (
				5F54D6A318A6045D00E1595F /* EGOImageLoadConnection.h */,
				5F54D6A418A6045D00E1595F /* EGOImageLoadConnection.m */,
				5F54D6A518A6045D00E1595F /* EGOImageLoader.h */,
				5F54D6A618A6045D00E1595F /* EGOImageLoader.m */,
			);
			path = EGOImageLoader;
			sourceTree = "<group>";
		};
		5F54D6A718A6045D00E1595F /* EGOImageView */ = {
			isa = PBXGroup;
			children = (
				5F54D6A818A6045D00E1595F /* EGOImageView.h */,
				5F54D6A918A6045D00E1595F /* EGOImageView.m */,
			);
			path = EGOImageView;
			sourceTree = "<group>";
		};
		5FDDBC4B183C9D2F00647A51 = {
			isa = PBXGroup;
			children = (
				5FEF66C818A8C11900BEDF54 /* TencentOpenApi_IOS_Bundle.bundle */,
				5FEF66AD18A8B35200BEDF54 /* HYActivityView */,
				5FEF669A18A87B0600BEDF54 /* SDKExport */,
				5F54D68718A6045D00E1595F /* EGOImageLoading */,
				5F18D055183F311E0085E181 /* SVProgressHUD */,
				5FDDBCA0183CA1EF00647A51 /* GMGridView */,
				5FDDBC90183C9FA900647A51 /* images */,
				5FDDBC8C183C9EA300647A51 /* sources */,
				5FDDBC5D183C9D2F00647A51 /* shenhf */,
				5FDDBC7C183C9D2F00647A51 /* shenhfTests */,
				5FDDBC56183C9D2F00647A51 /* Frameworks */,
				5FDDBC55183C9D2F00647A51 /* Products */,
				1BE8A53ACB28413BBCEE42B2 /* Pods.xcconfig */,
			);
			sourceTree = "<group>";
		};
		5FDDBC55183C9D2F00647A51 /* Products */ = {
			isa = PBXGroup;
			children = (
				5FDDBC54183C9D2F00647A51 /* 神回复.app */,
				5FDDBC75183C9D2F00647A51 /* shenhfTests.xctest */,
			);
			name = Products;
			sourceTree = "<group>";
		};
		5FDDBC56183C9D2F00647A51 /* Frameworks */ = {
			isa = PBXGroup;
			children = (
				5F20B8D618A9EBEB000B611C /* WeiboSDK.framework */,
				5F20B8D418A9DF95000B611C /* libxml2.2.dylib */,
				5FEF66D818A8C58000BEDF54 /* libz.dylib */,
				5FEF66D618A8C57500BEDF54 /* libstdc++.dylib */,
				5FEF66D418A8C56900BEDF54 /* CoreTelephony.framework */,
				5FEF66D218A8C55F00BEDF54 /* libsqlite3.dylib */,
				5FEF66D018A8C55400BEDF54 /* libsqlite3.0.dylib */,
				5FEF66CE18A8C54200BEDF54 /* SystemConfiguration.framework */,
				5FEF66CC18A8C53800BEDF54 /* libiconv.2.4.0.dylib */,
				5FEF66CA18A8C52900BEDF54 /* Security.framework */,
				5FEF66C318A8C07A00BEDF54 /* TencentOpenAPI.framework */,
				5FDDBC57183C9D2F00647A51 /* Foundation.framework */,
				5FDDBC59183C9D2F00647A51 /* CoreGraphics.framework */,
				5FDDBC5B183C9D2F00647A51 /* UIKit.framework */,
				5FDDBC76183C9D2F00647A51 /* XCTest.framework */,
				D90D206B860B4241847C0A68 /* libPods.a */,
			);
			name = Frameworks;
			sourceTree = "<group>";
		};
		5FDDBC5D183C9D2F00647A51 /* shenhf */ = {
			isa = PBXGroup;
			children = (
				5FEF66DD18A9C0BA00BEDF54 /* sdk */,
				5FDDBC9B183CA10E00647A51 /* WelcomeViewController.h */,
				5FDDBC93183CA10D00647A51 /* WelcomeViewController.m */,
				5FDDBC95183CA10D00647A51 /* CenterViewController.h */,
				5FDDBCB2183CA59A00647A51 /* CenterViewController.m */,
				5FDDBC96183CA10D00647A51 /* ControlViewController.h */,
				5FDDBC97183CA10D00647A51 /* ControlViewController.m */,
				5FDDBC98183CA10D00647A51 /* ItemViewController.h */,
				5FDDBC99183CA10D00647A51 /* ItemViewController.m */,
				5FDDBC9A183CA10E00647A51 /* TopViewController.h */,
				5FDDBC94183CA10D00647A51 /* TopViewController.m */,
				5FDDBC66183C9D2F00647A51 /* AppDelegate.h */,
				5FDDBC67183C9D2F00647A51 /* AppDelegate.m */,
				5FDDBC69183C9D2F00647A51 /* Main.storyboard */,
				5FDDBC6C183C9D2F00647A51 /* ViewController.h */,
				5FDDBC6D183C9D2F00647A51 /* ViewController.m */,
				5FDDBC6F183C9D2F00647A51 /* Images.xcassets */,
				5FDDBC5E183C9D2F00647A51 /* Supporting Files */,
				5F5190441851A19D00B5D2B8 /* Data.h */,
				5F5190451851A19D00B5D2B8 /* Data.m */,
			);
			path = shenhf;
			sourceTree = "<group>";
		};
		5FDDBC5E183C9D2F00647A51 /* Supporting Files */ = {
			isa = PBXGroup;
			children = (
				5FDDBC5F183C9D2F00647A51 /* shenhf-Info.plist */,
				5FDDBC60183C9D2F00647A51 /* InfoPlist.strings */,
				5FDDBC63183C9D2F00647A51 /* main.m */,
				5FDDBC65183C9D2F00647A51 /* shenhf-Prefix.pch */,
			);
			name = "Supporting Files";
			sourceTree = "<group>";
		};
		5FDDBC7C183C9D2F00647A51 /* shenhfTests */ = {
			isa = PBXGroup;
			children = (
				5FDDBC82183C9D2F00647A51 /* shenhfTests.m */,
				5FDDBC7D183C9D2F00647A51 /* Supporting Files */,
			);
			path = shenhfTests;
			sourceTree = "<group>";
		};
		5FDDBC7D183C9D2F00647A51 /* Supporting Files */ = {
			isa = PBXGroup;
			children = (
				5FDDBC7E183C9D2F00647A51 /* shenhfTests-Info.plist */,
				5FDDBC7F183C9D2F00647A51 /* InfoPlist.strings */,
			);
			name = "Supporting Files";
			sourceTree = "<group>";
		};
		5FDDBC8C183C9EA300647A51 /* sources */ = {
			isa = PBXGroup;
			children = (
				5FDDBCB4183CB25600647A51 /* Reachability.h */,
				5FDDBCB5183CB25600647A51 /* Reachability.m */,
				5FDDBC8D183C9EA300647A51 /* JASidePanelController.h */,
				5FDDBC8E183C9EA300647A51 /* JASidePanelController.m */,
			);
			path = sources;
			sourceTree = "<group>";
		};
		5FDDBC90183C9FA900647A51 /* images */ = {
			isa = PBXGroup;
			children = (
				5FEF66B118A8B3C000BEDF54 /* share_platform_email@2x.png */,
				5FEF66B218A8B3C000BEDF54 /* share_platform_evernote@2x.png */,
				5FEF66B318A8B3C000BEDF54 /* share_platform_imessage@2x.png */,
				5FEF66B418A8B3C000BEDF54 /* share_platform_qqfriends@2x.png */,
				5FEF66B518A8B3C000BEDF54 /* share_platform_sina@2x.png */,
				5FEF66B618A8B3C000BEDF54 /* share_platform_wechat@2x.png */,
				5FEF66B718A8B3C000BEDF54 /* share_platform_wechattimeline@2x.png */,
				5FEF66AB18A8AD7D00BEDF54 /* share.png */,
				5FEF66A918A8A74D00BEDF54 /* Icon_Small.png */,
				5FEF669F18A8A6EC00BEDF54 /* Default.png */,
				5FEF66A018A8A6EC00BEDF54 /* Icon.png */,
				5FEF66A118A8A6EC00BEDF54 /* Icon@2x.png */,
				5FEF66A218A8A6EC00BEDF54 /* logo72.png */,
				5FEF66A318A8A6EC00BEDF54 /* logo512.png */,
				5FDDBC91183C9FA900647A51 /* logo.jpg */,
			);
			path = images;
			sourceTree = "<group>";
		};
		5FDDBCA0183CA1EF00647A51 /* GMGridView */ = {
			isa = PBXGroup;
			children = (
				5FDDBCA1183CA1EF00647A51 /* GMGridView-Constants.h */,
				5FDDBCA2183CA1EF00647A51 /* GMGridView.h */,
				5FDDBCA3183CA1EF00647A51 /* GMGridView.m */,
				5FDDBCA4183CA1EF00647A51 /* GMGridViewCell+Extended.h */,
				5FDDBCA5183CA1EF00647A51 /* GMGridViewCell.h */,
				5FDDBCA6183CA1EF00647A51 /* GMGridViewCell.m */,
				5FDDBCA7183CA1EF00647A51 /* GMGridViewLayoutStrategies.h */,
				5FDDBCA8183CA1EF00647A51 /* GMGridViewLayoutStrategies.m */,
				5FDDBCA9183CA1EF00647A51 /* UIGestureRecognizer+GMGridViewAdditions.h */,
				5FDDBCAA183CA1EF00647A51 /* UIGestureRecognizer+GMGridViewAdditions.m */,
				5FDDBCAB183CA1EF00647A51 /* UIView+GMGridViewAdditions.h */,
				5FDDBCAC183CA1EF00647A51 /* UIView+GMGridViewAdditions.m */,
			);
			path = GMGridView;
			sourceTree = "<group>";
		};
		5FEF669A18A87B0600BEDF54 /* SDKExport */ = {
			isa = PBXGroup;
			children = (
				5FEF669B18A87B0600BEDF54 /* libWeChatSDK.a */,
				5FEF669C18A87B0600BEDF54 /* WXApi.h */,
				5FEF669D18A87B0600BEDF54 /* WXApiObject.h */,
			);
			path = SDKExport;
			sourceTree = "<group>";
		};
		5FEF66AD18A8B35200BEDF54 /* HYActivityView */ = {
			isa = PBXGroup;
			children = (
				5FEF66AE18A8B35200BEDF54 /* HYActivityView.h */,
				5FEF66AF18A8B35200BEDF54 /* HYActivityView.m */,
			);
			path = HYActivityView;
			sourceTree = "<group>";
		};
		5FEF66DD18A9C0BA00BEDF54 /* sdk */ = {
			isa = PBXGroup;
			children = (
				5FEF66E118A9C0DB00BEDF54 /* sdkDef.h */,
				5FEF66DF18A9C0D100BEDF54 /* sdkCall.m */,
				5FEF66DE18A9C0CA00BEDF54 /* sdkCall.h */,
			);
			name = sdk;
			sourceTree = "<group>";
		};
/* End PBXGroup section */

/* Begin PBXNativeTarget section */
		5FDDBC53183C9D2F00647A51 /* shenhf */ = {
			isa = PBXNativeTarget;
			buildConfigurationList = 5FDDBC86183C9D2F00647A51 /* Build configuration list for PBXNativeTarget "shenhf" */;
			buildPhases = (
				4DCC51CA25B14496B4D5612B /* Check Pods Manifest.lock */,
				5FDDBC50183C9D2F00647A51 /* Sources */,
				5FDDBC51183C9D2F00647A51 /* Frameworks */,
				5FDDBC52183C9D2F00647A51 /* Resources */,
				77EDFAE1943540DABA84B2E6 /* Copy Pods Resources */,
			);
			buildRules = (
			);
			dependencies = (
			);
			name = shenhf;
			productName = shenhf;
			productReference = 5FDDBC54183C9D2F00647A51 /* 神回复.app */;
			productType = "com.apple.product-type.application";
		};
		5FDDBC74183C9D2F00647A51 /* shenhfTests */ = {
			isa = PBXNativeTarget;
			buildConfigurationList = 5FDDBC89183C9D2F00647A51 /* Build configuration list for PBXNativeTarget "shenhfTests" */;
			buildPhases = (
				5FDDBC71183C9D2F00647A51 /* Sources */,
				5FDDBC72183C9D2F00647A51 /* Frameworks */,
				5FDDBC73183C9D2F00647A51 /* Resources */,
			);
			buildRules = (
			);
			dependencies = (
				5FDDBC7B183C9D2F00647A51 /* PBXTargetDependency */,
			);
			name = shenhfTests;
			productName = shenhfTests;
			productReference = 5FDDBC75183C9D2F00647A51 /* shenhfTests.xctest */;
			productType = "com.apple.product-type.bundle.unit-test";
		};
/* End PBXNativeTarget section */

/* Begin PBXProject section */
		5FDDBC4C183C9D2F00647A51 /* Project object */ = {
			isa = PBXProject;
			attributes = {
				LastUpgradeCheck = 0500;
				ORGANIZATIONNAME = shenhf;
				TargetAttributes = {
					5FDDBC74183C9D2F00647A51 = {
						TestTargetID = 5FDDBC53183C9D2F00647A51;
					};
				};
			};
			buildConfigurationList = 5FDDBC4F183C9D2F00647A51 /* Build configuration list for PBXProject "shenhf" */;
			compatibilityVersion = "Xcode 3.2";
			developmentRegion = English;
			hasScannedForEncodings = 0;
			knownRegions = (
				en,
				Base,
			);
			mainGroup = 5FDDBC4B183C9D2F00647A51;
			productRefGroup = 5FDDBC55183C9D2F00647A51 /* Products */;
			projectDirPath = "";
			projectRoot = "";
			targets = (
				5FDDBC53183C9D2F00647A51 /* shenhf */,
				5FDDBC74183C9D2F00647A51 /* shenhfTests */,
			);
		};
/* End PBXProject section */

/* Begin PBXResourcesBuildPhase section */
		5FDDBC52183C9D2F00647A51 /* Resources */ = {
			isa = PBXResourcesBuildPhase;
			buildActionMask = 2147483647;
			files = (
				5FEF66C918A8C11900BEDF54 /* TencentOpenApi_IOS_Bundle.bundle in Resources */,
				5FEF66A718A8A6EC00BEDF54 /* logo72.png in Resources */,
				5F18D05A183F311E0085E181 /* SVProgressHUD.bundle in Resources */,
				5FEF66A618A8A6EC00BEDF54 /* Icon@2x.png in Resources */,
				5FEF66BC18A8B3C000BEDF54 /* share_platform_sina@2x.png in Resources */,
				5FEF66BE18A8B3C000BEDF54 /* share_platform_wechattimeline@2x.png in Resources */,
				5FEF66B918A8B3C000BEDF54 /* share_platform_evernote@2x.png in Resources */,
				5FEF66A418A8A6EC00BEDF54 /* Default.png in Resources */,
				5FDDBC92183C9FA900647A51 /* logo.jpg in Resources */,
				5FEF66BD18A8B3C000BEDF54 /* share_platform_wechat@2x.png in Resources */,
				5FEF66B818A8B3C000BEDF54 /* share_platform_email@2x.png in Resources */,
				5FDDBC70183C9D2F00647A51 /* Images.xcassets in Resources */,
				5FDDBC62183C9D2F00647A51 /* InfoPlist.strings in Resources */,
				5FEF66AC18A8AD7D00BEDF54 /* share.png in Resources */,
				5FEF66A818A8A6EC00BEDF54 /* logo512.png in Resources */,
				5FEF66AA18A8A74D00BEDF54 /* Icon_Small.png in Resources */,
				5FEF66A518A8A6EC00BEDF54 /* Icon.png in Resources */,
				5FEF66BA18A8B3C000BEDF54 /* share_platform_imessage@2x.png in Resources */,
				5FDDBC6B183C9D2F00647A51 /* Main.storyboard in Resources */,
				5FEF66BB18A8B3C000BEDF54 /* share_platform_qqfriends@2x.png in Resources */,
			);
			runOnlyForDeploymentPostprocessing = 0;
		};
		5FDDBC73183C9D2F00647A51 /* Resources */ = {
			isa = PBXResourcesBuildPhase;
			buildActionMask = 2147483647;
			files = (
				5FDDBC81183C9D2F00647A51 /* InfoPlist.strings in Resources */,
			);
			runOnlyForDeploymentPostprocessing = 0;
		};
/* End PBXResourcesBuildPhase section */

/* Begin PBXShellScriptBuildPhase section */
		4DCC51CA25B14496B4D5612B /* Check Pods Manifest.lock */ = {
			isa = PBXShellScriptBuildPhase;
			buildActionMask = 2147483647;
			files = (
			);
			inputPaths = (
			);
			name = "Check Pods Manifest.lock";
			outputPaths = (
			);
			runOnlyForDeploymentPostprocessing = 0;
			shellPath = /bin/sh;
			shellScript = "diff \"${PODS_ROOT}/../Podfile.lock\" \"${PODS_ROOT}/Manifest.lock\" > /dev/null\nif [[ $? != 0 ]] ; then\n    cat << EOM\nerror: The sandbox is not in sync with the Podfile.lock. Run 'pod install' or update your CocoaPods installation.\nEOM\n    exit 1\nfi\n";
			showEnvVarsInLog = 0;
		};
		77EDFAE1943540DABA84B2E6 /* Copy Pods Resources */ = {
			isa = PBXShellScriptBuildPhase;
			buildActionMask = 2147483647;
			files = (
			);
			inputPaths = (
			);
			name = "Copy Pods Resources";
			outputPaths = (
			);
			runOnlyForDeploymentPostprocessing = 0;
			shellPath = /bin/sh;
			shellScript = "\"${SRCROOT}/Pods/Pods-resources.sh\"\n";
			showEnvVarsInLog = 0;
		};
/* End PBXShellScriptBuildPhase section */

/* Begin PBXSourcesBuildPhase section */
		5FDDBC50183C9D2F00647A51 /* Sources */ = {
			isa = PBXSourcesBuildPhase;
			buildActionMask = 2147483647;
			files = (
				5FDDBCAF183CA1EF00647A51 /* GMGridViewLayoutStrategies.m in Sources */,
				5FDDBC9E183CA10E00647A51 /* ControlViewController.m in Sources */,
				5FDDBC9C183CA10E00647A51 /* WelcomeViewController.m in Sources */,
				5FDDBC6E183C9D2F00647A51 /* ViewController.m in Sources */,
				5FEF66B018A8B35200BEDF54 /* HYActivityView.m in Sources */,
				5FDDBCB6183CB25600647A51 /* Reachability.m in Sources */,
				5F54D6B618A6045D00E1595F /* EGOImageButton.m in Sources */,
				5FDDBC9D183CA10E00647A51 /* TopViewController.m in Sources */,
				5F54D6B518A6045D00E1595F /* EGOCache.m in Sources */,
				5FDDBCAE183CA1EF00647A51 /* GMGridViewCell.m in Sources */,
				5FEF66E018A9C0D100BEDF54 /* sdkCall.m in Sources */,
				5FDDBCB1183CA1EF00647A51 /* UIView+GMGridViewAdditions.m in Sources */,
				5FDDBC68183C9D2F00647A51 /* AppDelegate.m in Sources */,
				5F18D05B183F311E0085E181 /* SVProgressHUD.m in Sources */,
				5F54D6B918A6045D00E1595F /* EGOImageView.m in Sources */,
				5F54D6B818A6045D00E1595F /* EGOImageLoader.m in Sources */,
				5FDDBC9F183CA10E00647A51 /* ItemViewController.m in Sources */,
				5FDDBCB0183CA1EF00647A51 /* UIGestureRecognizer+GMGridViewAdditions.m in Sources */,
				5F54D6B718A6045D00E1595F /* EGOImageLoadConnection.m in Sources */,
				5FDDBCAD183CA1EF00647A51 /* GMGridView.m in Sources */,
				5FDDBC8F183C9EA300647A51 /* JASidePanelController.m in Sources */,
				5FDDBC64183C9D2F00647A51 /* main.m in Sources */,
				5F5190461851A19D00B5D2B8 /* Data.m in Sources */,
				5FDDBCB3183CA59A00647A51 /* CenterViewController.m in Sources */,
			);
			runOnlyForDeploymentPostprocessing = 0;
		};
		5FDDBC71183C9D2F00647A51 /* Sources */ = {
			isa = PBXSourcesBuildPhase;
			buildActionMask = 2147483647;
			files = (
				5FDDBC83183C9D2F00647A51 /* shenhfTests.m in Sources */,
			);
			runOnlyForDeploymentPostprocessing = 0;
		};
/* End PBXSourcesBuildPhase section */

/* Begin PBXTargetDependency section */
		5FDDBC7B183C9D2F00647A51 /* PBXTargetDependency */ = {
			isa = PBXTargetDependency;
			target = 5FDDBC53183C9D2F00647A51 /* shenhf */;
			targetProxy = 5FDDBC7A183C9D2F00647A51 /* PBXContainerItemProxy */;
		};
/* End PBXTargetDependency section */

/* Begin PBXVariantGroup section */
		5FDDBC60183C9D2F00647A51 /* InfoPlist.strings */ = {
			isa = PBXVariantGroup;
			children = (
				5FDDBC61183C9D2F00647A51 /* en */,
			);
			name = InfoPlist.strings;
			sourceTree = "<group>";
		};
		5FDDBC69183C9D2F00647A51 /* Main.storyboard */ = {
			isa = PBXVariantGroup;
			children = (
				5FDDBC6A183C9D2F00647A51 /* Base */,
			);
			name = Main.storyboard;
			sourceTree = "<group>";
		};
		5FDDBC7F183C9D2F00647A51 /* InfoPlist.strings */ = {
			isa = PBXVariantGroup;
			children = (
				5FDDBC80183C9D2F00647A51 /* en */,
			);
			name = InfoPlist.strings;
			sourceTree = "<group>";
		};
/* End PBXVariantGroup section */

/* Begin XCBuildConfiguration section */
		5FDDBC84183C9D2F00647A51 /* Debug */ = {
			isa = XCBuildConfiguration;
			buildSettings = {
				ALWAYS_SEARCH_USER_PATHS = NO;
				ARCHS = "$(ARCHS_STANDARD_INCLUDING_64_BIT)";
				CLANG_CXX_LANGUAGE_STANDARD = "gnu++0x";
				CLANG_CXX_LIBRARY = "libc++";
				CLANG_ENABLE_MODULES = YES;
				CLANG_ENABLE_OBJC_ARC = YES;
				CLANG_WARN_BOOL_CONVERSION = YES;
				CLANG_WARN_CONSTANT_CONVERSION = YES;
				CLANG_WARN_DIRECT_OBJC_ISA_USAGE = YES_ERROR;
				CLANG_WARN_EMPTY_BODY = YES;
				CLANG_WARN_ENUM_CONVERSION = YES;
				CLANG_WARN_INT_CONVERSION = YES;
				CLANG_WARN_OBJC_ROOT_CLASS = YES_ERROR;
				CLANG_WARN__DUPLICATE_METHOD_MATCH = YES;
				"CODE_SIGN_IDENTITY[sdk=iphoneos*]" = "iPhone Developer";
				COPY_PHASE_STRIP = NO;
				GCC_C_LANGUAGE_STANDARD = gnu99;
				GCC_DYNAMIC_NO_PIC = NO;
				GCC_OPTIMIZATION_LEVEL = 0;
				GCC_PREPROCESSOR_DEFINITIONS = (
					"DEBUG=1",
					"$(inherited)",
				);
				GCC_SYMBOLS_PRIVATE_EXTERN = NO;
				GCC_WARN_64_TO_32_BIT_CONVERSION = YES;
				GCC_WARN_ABOUT_RETURN_TYPE = YES_ERROR;
				GCC_WARN_UNDECLARED_SELECTOR = YES;
				GCC_WARN_UNINITIALIZED_AUTOS = YES;
				GCC_WARN_UNUSED_FUNCTION = YES;
				GCC_WARN_UNUSED_VARIABLE = YES;
				IPHONEOS_DEPLOYMENT_TARGET = 7.0;
				ONLY_ACTIVE_ARCH = YES;
				SDKROOT = iphoneos;
			};
			name = Debug;
		};
		5FDDBC85183C9D2F00647A51 /* Release */ = {
			isa = XCBuildConfiguration;
			buildSettings = {
				ALWAYS_SEARCH_USER_PATHS = NO;
				ARCHS = "$(ARCHS_STANDARD_INCLUDING_64_BIT)";
				CLANG_CXX_LANGUAGE_STANDARD = "gnu++0x";
				CLANG_CXX_LIBRARY = "libc++";
				CLANG_ENABLE_MODULES = YES;
				CLANG_ENABLE_OBJC_ARC = YES;
				CLANG_WARN_BOOL_CONVERSION = YES;
				CLANG_WARN_CONSTANT_CONVERSION = YES;
				CLANG_WARN_DIRECT_OBJC_ISA_USAGE = YES_ERROR;
				CLANG_WARN_EMPTY_BODY = YES;
				CLANG_WARN_ENUM_CONVERSION = YES;
				CLANG_WARN_INT_CONVERSION = YES;
				CLANG_WARN_OBJC_ROOT_CLASS = YES_ERROR;
				CLANG_WARN__DUPLICATE_METHOD_MATCH = YES;
				"CODE_SIGN_IDENTITY[sdk=iphoneos*]" = "iPhone Developer";
				COPY_PHASE_STRIP = YES;
				ENABLE_NS_ASSERTIONS = NO;
				GCC_C_LANGUAGE_STANDARD = gnu99;
				GCC_WARN_64_TO_32_BIT_CONVERSION = YES;
				GCC_WARN_ABOUT_RETURN_TYPE = YES_ERROR;
				GCC_WARN_UNDECLARED_SELECTOR = YES;
				GCC_WARN_UNINITIALIZED_AUTOS = YES;
				GCC_WARN_UNUSED_FUNCTION = YES;
				GCC_WARN_UNUSED_VARIABLE = YES;
				IPHONEOS_DEPLOYMENT_TARGET = 7.0;
				SDKROOT = iphoneos;
				VALIDATE_PRODUCT = YES;
			};
			name = Release;
		};
		5FDDBC87183C9D2F00647A51 /* Debug */ = {
			isa = XCBuildConfiguration;
			baseConfigurationReference = 1BE8A53ACB28413BBCEE42B2 /* Pods.xcconfig */;
			buildSettings = {
				ASSETCATALOG_COMPILER_APPICON_NAME = AppIcon;
				ASSETCATALOG_COMPILER_LAUNCHIMAGE_NAME = LaunchImage;
				FRAMEWORK_SEARCH_PATHS = (
					"$(inherited)",
					/Users/echo/git/shenhf,
				);
				GCC_PRECOMPILE_PREFIX_HEADER = YES;
				GCC_PREFIX_HEADER = "shenhf/shenhf-Prefix.pch";
				HEADER_SEARCH_PATHS = (
					"\"${PODS_ROOT}/Headers\"",
					"\"${PODS_ROOT}/Headers/AFNetworking\"",
				);
				INFOPLIST_FILE = "shenhf/shenhf-Info.plist";
				IPHONEOS_DEPLOYMENT_TARGET = 6.0;
				LIBRARY_SEARCH_PATHS = (
					"$(inherited)",
					/Users/echo/git/shenhf/SDKExport,
				);
				OTHER_LDFLAGS = (
					"-ObjC",
					"-framework",
					CoreGraphics,
					"-framework",
					MobileCoreServices,
					"-framework",
					Security,
					"-framework",
					SystemConfiguration,
					"-fobjc-arc",
				);
				PRODUCT_NAME = "神回复";
				WRAPPER_EXTENSION = app;
			};
			name = Debug;
		};
		5FDDBC88183C9D2F00647A51 /* Release */ = {
			isa = XCBuildConfiguration;
			baseConfigurationReference = 1BE8A53ACB28413BBCEE42B2 /* Pods.xcconfig */;
			buildSettings = {
				ASSETCATALOG_COMPILER_APPICON_NAME = AppIcon;
				ASSETCATALOG_COMPILER_LAUNCHIMAGE_NAME = LaunchImage;
				FRAMEWORK_SEARCH_PATHS = (
					"$(inherited)",
					/Users/echo/git/shenhf,
				);
				GCC_PRECOMPILE_PREFIX_HEADER = YES;
				GCC_PREFIX_HEADER = "shenhf/shenhf-Prefix.pch";
				HEADER_SEARCH_PATHS = (
					"\"${PODS_ROOT}/Headers\"",
					"\"${PODS_ROOT}/Headers/AFNetworking\"",
				);
				INFOPLIST_FILE = "shenhf/shenhf-Info.plist";
				IPHONEOS_DEPLOYMENT_TARGET = 6.0;
				LIBRARY_SEARCH_PATHS = (
					"$(inherited)",
					/Users/echo/git/shenhf/SDKExport,
				);
				OTHER_LDFLAGS = (
					"-ObjC",
					"-framework",
					CoreGraphics,
					"-framework",
					MobileCoreServices,
					"-framework",
					Security,
					"-framework",
					SystemConfiguration,
					"-fobjc-arc",
				);
				PRODUCT_NAME = "神回复";
				WRAPPER_EXTENSION = app;
			};
			name = Release;
		};
		5FDDBC8A183C9D2F00647A51 /* Debug */ = {
			isa = XCBuildConfiguration;
			buildSettings = {
				ARCHS = "$(ARCHS_STANDARD_INCLUDING_64_BIT)";
				BUNDLE_LOADER = "$(BUILT_PRODUCTS_DIR)/shenhf.app/shenhf";
				FRAMEWORK_SEARCH_PATHS = (
					"$(SDKROOT)/Developer/Library/Frameworks",
					"$(inherited)",
					"$(DEVELOPER_FRAMEWORKS_DIR)",
				);
				GCC_PRECOMPILE_PREFIX_HEADER = YES;
				GCC_PREFIX_HEADER = "shenhf/shenhf-Prefix.pch";
				GCC_PREPROCESSOR_DEFINITIONS = (
					"DEBUG=1",
					"$(inherited)",
				);
				INFOPLIST_FILE = "shenhfTests/shenhfTests-Info.plist";
				PRODUCT_NAME = "$(TARGET_NAME)";
				TEST_HOST = "$(BUNDLE_LOADER)";
				WRAPPER_EXTENSION = xctest;
			};
			name = Debug;
		};
		5FDDBC8B183C9D2F00647A51 /* Release */ = {
			isa = XCBuildConfiguration;
			buildSettings = {
				ARCHS = "$(ARCHS_STANDARD_INCLUDING_64_BIT)";
				BUNDLE_LOADER = "$(BUILT_PRODUCTS_DIR)/shenhf.app/shenhf";
				FRAMEWORK_SEARCH_PATHS = (
					"$(SDKROOT)/Developer/Library/Frameworks",
					"$(inherited)",
					"$(DEVELOPER_FRAMEWORKS_DIR)",
				);
				GCC_PRECOMPILE_PREFIX_HEADER = YES;
				GCC_PREFIX_HEADER = "shenhf/shenhf-Prefix.pch";
				INFOPLIST_FILE = "shenhfTests/shenhfTests-Info.plist";
				PRODUCT_NAME = "$(TARGET_NAME)";
				TEST_HOST = "$(BUNDLE_LOADER)";
				WRAPPER_EXTENSION = xctest;
			};
			name = Release;
		};
/* End XCBuildConfiguration section */

/* Begin XCConfigurationList section */
		5FDDBC4F183C9D2F00647A51 /* Build configuration list for PBXProject "shenhf" */ = {
			isa = XCConfigurationList;
			buildConfigurations = (
				5FDDBC84183C9D2F00647A51 /* Debug */,
				5FDDBC85183C9D2F00647A51 /* Release */,
			);
			defaultConfigurationIsVisible = 0;
			defaultConfigurationName = Release;
		};
		5FDDBC86183C9D2F00647A51 /* Build configuration list for PBXNativeTarget "shenhf" */ = {
			isa = XCConfigurationList;
			buildConfigurations = (
				5FDDBC87183C9D2F00647A51 /* Debug */,
				5FDDBC88183C9D2F00647A51 /* Release */,
			);
			defaultConfigurationIsVisible = 0;
			defaultConfigurationName = Release;
		};
		5FDDBC89183C9D2F00647A51 /* Build configuration list for PBXNativeTarget "shenhfTests" */ = {
			isa = XCConfigurationList;
			buildConfigurations = (
				5FDDBC8A183C9D2F00647A51 /* Debug */,
				5FDDBC8B183C9D2F00647A51 /* Release */,
			);
			defaultConfigurationIsVisible = 0;
			defaultConfigurationName = Release;
		};
/* End XCConfigurationList section */
	};
	rootObject = 5FDDBC4C183C9D2F00647A51 /* Project object */;
}
